
Microsoft Visual Studio Solution File, Format Version 12.00
# Visual Studio Version 16
VisualStudioVersion = 16.0.31410.357
MinimumVisualStudioVersion = 10.0.40219.1
Project("{FAE04EC0-301F-11D3-BF4B-00C04F79EFBC}") = "MusicSystem", "MusicSystem\MusicSystem.csproj", "{2045F712-7F16-4F77-86A5-EE39E45FE747}"
EndProject
Global
	GlobalSection(SolutionConfigurationPlatforms) = preSolution
		Debug|Any CPU = Debug|Any CPU
		Release|Any CPU = Release|Any CPU
	EndGlobalSection
	GlobalSection(ProjectConfigurationPlatforms) = postSolution
		{2045F712-7F16-4F77-86A5-EE39E45FE747}.Debug|Any CPU.ActiveCfg = Debug|Any CPU
		{2045F712-7F16-4F77-86A5-EE39E45FE747}.Debug|Any CPU.Build.0 = Debug|Any CPU
		{2045F712-7F16-4F77-86A5-EE39E45FE747}.Release|Any CPU.ActiveCfg = Release|Any CPU
		{2045F712-7F16-4F77-86A5-EE39E45FE747}.Release|Any CPU.Build.0 = Release|Any CPU
	EndGlobalSection
	GlobalSection(SolutionProperties) = preSolution
		HideSolutionNode = FALSE
	EndGlobalSection
	GlobalSection(ExtensibilityGlobals) = postSolution
		SolutionGuid = {0C1C5F2F-F598-4D0E-B813-A306876F3BC5}
	EndGlobalSection
EndGlobal
